<?xml version="1.0" encoding="utf-8"?>
<Project ToolsVersion="4.0" xmlns="http://schemas.microsoft.com/developer/msbuild/2003">
  <ItemGroup>
    <Filter Include="Source Files">
      <UniqueIdentifier>{4FC737F1-C7A5-4376-A066-2A32D752A2FF}</UniqueIdentifier>
      <Extensions>cpp;c;cc;cxx;def;odl;idl;hpj;bat;asm;asmx</Extensions>
    </Filter>
    <Filter Include="Header Files">
      <UniqueIdentifier>{93995380-89BD-4b04-88EB-625FBE52EBFB}</UniqueIdentifier>
      <Extensions>h;hh;hpp;hxx;hm;inl;inc;xsd</Extensions>
    </Filter>
    <Filter Include="Resource Files">
      <UniqueIdentifier>{67DA6AB6-F800-4c08-8B7A-83BB121AAD01}</UniqueIdentifier>
      <Extensions>rc;ico;cur;bmp;dlg;rc2;rct;bin;rgs;gif;jpg;jpeg;jpe;resx;tiff;tif;png;wav;mfcribbon-ms</Extensions>
    </Filter>
  </ItemGroup>
  <ItemGroup>
    <ClCompile Include="src\Main.cpp">
      <Filter>Source Files</Filter>
    </ClCompile>
    <ClCompile Include="src\client\Client.cpp">
      <Filter>Source Files</Filter>
    </ClCompile>
    <ClCompile Include="src\server\Server.cpp">
      <Filter>Source Files</Filter>
    </ClCompile>
    <ClCompile Include="src\util\NetUtil.cpp">
      <Filter>Source Files</Filter>
    </ClCompile>
    <ClCompile Include="src\util\RSocket.cpp">
      <Filter>Source Files</Filter>
    </ClCompile>
    <ClCompile Include="src\shared\Tilemap.cpp">
      <Filter>Source Files</Filter>
    </ClCompile>
    <ClCompile Include="src\dep\squirrel\include\sqapi.cpp">
      <Filter>Source Files</Filter>
    </ClCompile>
    <ClCompile Include="src\dep\squirrel\include\sqbaselib.cpp">
      <Filter>Source Files</Filter>
    </ClCompile>
    <ClCompile Include="src\dep\squirrel\include\sqclass.cpp">
      <Filter>Source Files</Filter>
    </ClCompile>
    <ClCompile Include="src\dep\squirrel\include\sqcompiler.cpp">
      <Filter>Source Files</Filter>
    </ClCompile>
    <ClCompile Include="src\dep\squirrel\include\sqdebug.cpp">
      <Filter>Source Files</Filter>
    </ClCompile>
    <ClCompile Include="src\dep\squirrel\include\sqfuncstate.cpp">
      <Filter>Source Files</Filter>
    </ClCompile>
    <ClCompile Include="src\dep\squirrel\include\sqlexer.cpp">
      <Filter>Source Files</Filter>
    </ClCompile>
    <ClCompile Include="src\dep\squirrel\include\sqmem.cpp">
      <Filter>Source Files</Filter>
    </ClCompile>
    <ClCompile Include="src\dep\squirrel\include\sqobject.cpp">
      <Filter>Source Files</Filter>
    </ClCompile>
    <ClCompile Include="src\dep\squirrel\include\sqstate.cpp">
      <Filter>Source Files</Filter>
    </ClCompile>
    <ClCompile Include="src\dep\squirrel\include\sqstdaux.cpp">
      <Filter>Source Files</Filter>
    </ClCompile>
    <ClCompile Include="src\dep\squirrel\include\sqstdblob.cpp">
      <Filter>Source Files</Filter>
    </ClCompile>
    <ClCompile Include="src\dep\squirrel\include\sqstdio.cpp">
      <Filter>Source Files</Filter>
    </ClCompile>
    <ClCompile Include="src\dep\squirrel\include\sqstdmath.cpp">
      <Filter>Source Files</Filter>
    </ClCompile>
    <ClCompile Include="src\dep\squirrel\include\sqstdrex.cpp">
      <Filter>Source Files</Filter>
    </ClCompile>
    <ClCompile Include="src\dep\squirrel\include\sqstdstream.cpp">
      <Filter>Source Files</Filter>
    </ClCompile>
    <ClCompile Include="src\dep\squirrel\include\sqstdstring.cpp">
      <Filter>Source Files</Filter>
    </ClCompile>
    <ClCompile Include="src\dep\squirrel\include\sqstdsystem.cpp">
      <Filter>Source Files</Filter>
    </ClCompile>
    <ClCompile Include="src\dep\squirrel\include\sqtable.cpp">
      <Filter>Source Files</Filter>
    </ClCompile>
    <ClCompile Include="src\dep\squirrel\include\sqvm.cpp">
      <Filter>Source Files</Filter>
    </ClCompile>
    <ClCompile Include="src\shared\SquirrelScript.cpp">
      <Filter>Source Files</Filter>
    </ClCompile>
    <ClCompile Include="src\server\flowold\FlowSimulationOld.cpp">
      <Filter>Source Files</Filter>
    </ClCompile>
    <ClCompile Include="src\shared\AssetManager.cpp">
      <Filter>Source Files</Filter>
    </ClCompile>
  </ItemGroup>
  <ItemGroup>
    <ClInclude Include="src\dep\json.h">
      <Filter>Header Files</Filter>
    </ClInclude>
    <ClInclude Include="src\dep\stb_perlin.h">
      <Filter>Header Files</Filter>
    </ClInclude>
    <ClInclude Include="src\client\Client.h">
      <Filter>Header Files</Filter>
    </ClInclude>
    <ClInclude Include="src\server\Server.h">
      <Filter>Header Files</Filter>
    </ClInclude>
    <ClInclude Include="src\util\NetUtil.h">
      <Filter>Header Files</Filter>
    </ClInclude>
    <ClInclude Include="src\util\RSocket.h">
      <Filter>Header Files</Filter>
    </ClInclude>
    <ClInclude Include="src\shared\Tilemap.h">
      <Filter>Header Files</Filter>
    </ClInclude>
    <ClInclude Include="src\dep\angelscript\angelscript.h">
      <Filter>Header Files</Filter>
    </ClInclude>
    <ClInclude Include="src\dep\squirrel\include\sqconfig.h">
      <Filter>Header Files</Filter>
    </ClInclude>
    <ClInclude Include="src\dep\squirrel\include\sqstdaux.h">
      <Filter>Header Files</Filter>
    </ClInclude>
    <ClInclude Include="src\dep\squirrel\include\sqstdblob.h">
      <Filter>Header Files</Filter>
    </ClInclude>
    <ClInclude Include="src\dep\squirrel\include\sqstdio.h">
      <Filter>Header Files</Filter>
    </ClInclude>
    <ClInclude Include="src\dep\squirrel\include\sqstdmath.h">
      <Filter>Header Files</Filter>
    </ClInclude>
    <ClInclude Include="src\dep\squirrel\include\sqstdstring.h">
      <Filter>Header Files</Filter>
    </ClInclude>
    <ClInclude Include="src\dep\squirrel\include\sqstdsystem.h">
      <Filter>Header Files</Filter>
    </ClInclude>
    <ClInclude Include="src\dep\squirrel\include\squirrel.h">
      <Filter>Header Files</Filter>
    </ClInclude>
    <ClInclude Include="src\dep\squirrel\sqstdlib\sqstdblobimpl.h">
      <Filter>Header Files</Filter>
    </ClInclude>
    <ClInclude Include="src\dep\squirrel\sqstdlib\sqstdstream.h">
      <Filter>Header Files</Filter>
    </ClInclude>
    <ClInclude Include="src\dep\squirrel\squirrel\sqarray.h">
      <Filter>Header Files</Filter>
    </ClInclude>
    <ClInclude Include="src\dep\squirrel\squirrel\sqclass.h">
      <Filter>Header Files</Filter>
    </ClInclude>
    <ClInclude Include="src\dep\squirrel\squirrel\sqclosure.h">
      <Filter>Header Files</Filter>
    </ClInclude>
    <ClInclude Include="src\dep\squirrel\squirrel\sqcompiler.h">
      <Filter>Header Files</Filter>
    </ClInclude>
    <ClInclude Include="src\dep\squirrel\squirrel\sqfuncproto.h">
      <Filter>Header Files</Filter>
    </ClInclude>
    <ClInclude Include="src\dep\squirrel\squirrel\sqfuncstate.h">
      <Filter>Header Files</Filter>
    </ClInclude>
    <ClInclude Include="src\dep\squirrel\squirrel\sqlexer.h">
      <Filter>Header Files</Filter>
    </ClInclude>
    <ClInclude Include="src\dep\squirrel\squirrel\sqobject.h">
      <Filter>Header Files</Filter>
    </ClInclude>
    <ClInclude Include="src\dep\squirrel\squirrel\sqopcodes.h">
      <Filter>Header Files</Filter>
    </ClInclude>
    <ClInclude Include="src\dep\squirrel\squirrel\sqpcheader.h">
      <Filter>Header Files</Filter>
    </ClInclude>
    <ClInclude Include="src\dep\squirrel\squirrel\sqstate.h">
      <Filter>Header Files</Filter>
    </ClInclude>
    <ClInclude Include="src\dep\squirrel\squirrel\sqstring.h">
      <Filter>Header Files</Filter>
    </ClInclude>
    <ClInclude Include="src\dep\squirrel\squirrel\sqtable.h">
      <Filter>Header Files</Filter>
    </ClInclude>
    <ClInclude Include="src\dep\squirrel\squirrel\squserdata.h">
      <Filter>Header Files</Filter>
    </ClInclude>
    <ClInclude Include="src\dep\squirrel\squirrel\squtils.h">
      <Filter>Header Files</Filter>
    </ClInclude>
    <ClInclude Include="src\dep\squirrel\squirrel\sqvm.h">
      <Filter>Header Files</Filter>
    </ClInclude>
    <ClInclude Include="src\dep\squirrel\include\sqarray.h">
      <Filter>Header Files</Filter>
    </ClInclude>
    <ClInclude Include="src\dep\squirrel\include\sqclass.h">
      <Filter>Header Files</Filter>
    </ClInclude>
    <ClInclude Include="src\dep\squirrel\include\sqclosure.h">
      <Filter>Header Files</Filter>
    </ClInclude>
    <ClInclude Include="src\dep\squirrel\include\sqcompiler.h">
      <Filter>Header Files</Filter>
    </ClInclude>
    <ClInclude Include="src\dep\squirrel\include\sqfuncproto.h">
      <Filter>Header Files</Filter>
    </ClInclude>
    <ClInclude Include="src\dep\squirrel\include\sqfuncstate.h">
      <Filter>Header Files</Filter>
    </ClInclude>
    <ClInclude Include="src\dep\squirrel\include\sqlexer.h">
      <Filter>Header Files</Filter>
    </ClInclude>
    <ClInclude Include="src\dep\squirrel\include\sqobject.h">
      <Filter>Header Files</Filter>
    </ClInclude>
    <ClInclude Include="src\dep\squirrel\include\sqopcodes.h">
      <Filter>Header Files</Filter>
    </ClInclude>
    <ClInclude Include="src\dep\squirrel\include\sqpcheader.h">
      <Filter>Header Files</Filter>
    </ClInclude>
    <ClInclude Include="src\dep\squirrel\include\sqstate.h">
      <Filter>Header Files</Filter>
    </ClInclude>
    <ClInclude Include="src\dep\squirrel\include\sqstdblobimpl.h">
      <Filter>Header Files</Filter>
    </ClInclude>
    <ClInclude Include="src\dep\squirrel\include\sqstdstream.h">
      <Filter>Header Files</Filter>
    </ClInclude>
    <ClInclude Include="src\dep\squirrel\include\sqstring.h">
      <Filter>Header Files</Filter>
    </ClInclude>
    <ClInclude Include="src\dep\squirrel\include\sqtable.h">
      <Filter>Header Files</Filter>
    </ClInclude>
    <ClInclude Include="src\dep\squirrel\include\squserdata.h">
      <Filter>Header Files</Filter>
    </ClInclude>
    <ClInclude Include="src\dep\squirrel\include\squtils.h">
      <Filter>Header Files</Filter>
    </ClInclude>
    <ClInclude Include="src\dep\squirrel\include\sqvm.h">
      <Filter>Header Files</Filter>
    </ClInclude>
    <ClInclude Include="src\shared\SquirrelScript.h">
      <Filter>Header Files</Filter>
    </ClInclude>
    <ClInclude Include="src\server\flowold\FlowSimulationOld.h">
      <Filter>Header Files</Filter>
    </ClInclude>
    <ClInclude Include="src\shared\AssetManager.h">
      <Filter>Header Files</Filter>
    </ClInclude>
  </ItemGroup>
  <ItemGroup>
    <None Include="res\test.nut" />
    <None Include="res\data\tiles.json" />
  </ItemGroup>
  <ItemGroup>
    <Image Include="res\test2.png">
      <Filter>Resource Files</Filter>
    </Image>
    <Image Include="res\test.png">
      <Filter>Resource Files</Filter>
    </Image>
    <Image Include="res\scaffold\hor.png">
      <Filter>Resource Files</Filter>
    </Image>
  </ItemGroup>
</Project>